// !$*UTF8*$!
{
	archiveVersion = 1;
	classes = {
	};
	objectVersion = 50;
	objects = {

/* Begin PBXBuildFile section */
		01295B8924EB404B00442897 /* AppDelegate.swift in Sources */ = {isa = PBXBuildFile; fileRef = 01295B8824EB404B00442897 /* AppDelegate.swift */; };
		01295B8B24EB404B00442897 /* SceneDelegate.swift in Sources */ = {isa = PBXBuildFile; fileRef = 01295B8A24EB404B00442897 /* SceneDelegate.swift */; };
		01295B8D24EB404B00442897 /* ViewController.swift in Sources */ = {isa = PBXBuildFile; fileRef = 01295B8C24EB404B00442897 /* ViewController.swift */; };
		01295B9024EB404B00442897 /* Main.storyboard in Resources */ = {isa = PBXBuildFile; fileRef = 01295B8E24EB404B00442897 /* Main.storyboard */; };
		01295B9224EB404C00442897 /* Assets.xcassets in Resources */ = {isa = PBXBuildFile; fileRef = 01295B9124EB404C00442897 /* Assets.xcassets */; };
		01295B9524EB404C00442897 /* LaunchScreen.storyboard in Resources */ = {isa = PBXBuildFile; fileRef = 01295B9324EB404C00442897 /* LaunchScreen.storyboard */; };
		01295B9A24EB404C00442897 /* ApplewatchExample WatchKit App.app in Embed Watch Content */ = {isa = PBXBuildFile; fileRef = 01295B9924EB404C00442897 /* ApplewatchExample WatchKit App.app */; settings = {ATTRIBUTES = (RemoveHeadersOnCopy, ); }; };
		01295BA024EB404C00442897 /* Interface.storyboard in Resources */ = {isa = PBXBuildFile; fileRef = 01295B9E24EB404C00442897 /* Interface.storyboard */; };
		01295BA224EB404D00442897 /* Assets.xcassets in Resources */ = {isa = PBXBuildFile; fileRef = 01295BA124EB404D00442897 /* Assets.xcassets */; };
		01295BA924EB404D00442897 /* ApplewatchExample WatchKit Extension.appex in Embed App Extensions */ = {isa = PBXBuildFile; fileRef = 01295BA824EB404D00442897 /* ApplewatchExample WatchKit Extension.appex */; settings = {ATTRIBUTES = (RemoveHeadersOnCopy, ); }; };
		01295BAE24EB404D00442897 /* InterfaceController.swift in Sources */ = {isa = PBXBuildFile; fileRef = 01295BAD24EB404D00442897 /* InterfaceController.swift */; };
		01295BB024EB404D00442897 /* ExtensionDelegate.swift in Sources */ = {isa = PBXBuildFile; fileRef = 01295BAF24EB404D00442897 /* ExtensionDelegate.swift */; };
		01295BB224EB404D00442897 /* NotificationController.swift in Sources */ = {isa = PBXBuildFile; fileRef = 01295BB124EB404D00442897 /* NotificationController.swift */; };
		01295BB424EB404E00442897 /* Assets.xcassets in Resources */ = {isa = PBXBuildFile; fileRef = 01295BB324EB404E00442897 /* Assets.xcassets */; };
/* End PBXBuildFile section */

/* Begin PBXContainerItemProxy section */
		01295B9B24EB404C00442897 /* PBXContainerItemProxy */ = {
			isa = PBXContainerItemProxy;
			containerPortal = 01295B7D24EB404B00442897 /* Project object */;
			proxyType = 1;
			remoteGlobalIDString = 01295B9824EB404C00442897;
			remoteInfo = "ApplewatchExample WatchKit App";
		};
		01295BAA24EB404D00442897 /* PBXContainerItemProxy */ = {
			isa = PBXContainerItemProxy;
			containerPortal = 01295B7D24EB404B00442897 /* Project object */;
			proxyType = 1;
			remoteGlobalIDString = 01295BA724EB404D00442897;
			remoteInfo = "ApplewatchExample WatchKit Extension";
		};
/* End PBXContainerItemProxy section */

/* Begin PBXCopyFilesBuildPhase section */
		01295BBC24EB404E00442897 /* Embed App Extensions */ = {
			isa = PBXCopyFilesBuildPhase;
			buildActionMask = 2147483647;
			dstPath = "";
			dstSubfolderSpec = 13;
			files = (
				01295BA924EB404D00442897 /* ApplewatchExample WatchKit Extension.appex in Embed App Extensions */,
			);
			name = "Embed App Extensions";
			runOnlyForDeploymentPostprocessing = 0;
		};
		01295BC024EB404E00442897 /* Embed Watch Content */ = {
			isa = PBXCopyFilesBuildPhase;
			buildActionMask = 2147483647;
			dstPath = "$(CONTENTS_FOLDER_PATH)/Watch";
			dstSubfolderSpec = 16;
			files = (
				01295B9A24EB404C00442897 /* ApplewatchExample WatchKit App.app in Embed Watch Content */,
			);
			name = "Embed Watch Content";
			runOnlyForDeploymentPostprocessing = 0;
		};
/* End PBXCopyFilesBuildPhase section */

/* Begin PBXFileReference section */
		01295B8524EB404B00442897 /* ApplewatchExample.app */ = {isa = PBXFileReference; explicitFileType = wrapper.application; includeInIndex = 0; path = ApplewatchExample.app; sourceTree = BUILT_PRODUCTS_DIR; };
		01295B8824EB404B00442897 /* AppDelegate.swift */ = {isa = PBXFileReference; lastKnownFileType = sourcecode.swift; path = AppDelegate.swift; sourceTree = "<group>"; };
		01295B8A24EB404B00442897 /* SceneDelegate.swift */ = {isa = PBXFileReference; lastKnownFileType = sourcecode.swift; path = SceneDelegate.swift; sourceTree = "<group>"; };
		01295B8C24EB404B00442897 /* ViewController.swift */ = {isa = PBXFileReference; lastKnownFileType = sourcecode.swift; path = ViewController.swift; sourceTree = "<group>"; };
		01295B8F24EB404B00442897 /* Base */ = {isa = PBXFileReference; lastKnownFileType = file.storyboard; name = Base; path = Base.lproj/Main.storyboard; sourceTree = "<group>"; };
		01295B9124EB404C00442897 /* Assets.xcassets */ = {isa = PBXFileReference; lastKnownFileType = folder.assetcatalog; path = Assets.xcassets; sourceTree = "<group>"; };
		01295B9424EB404C00442897 /* Base */ = {isa = PBXFileReference; lastKnownFileType = file.storyboard; name = Base; path = Base.lproj/LaunchScreen.storyboard; sourceTree = "<group>"; };
		01295B9624EB404C00442897 /* Info.plist */ = {isa = PBXFileReference; lastKnownFileType = text.plist.xml; path = Info.plist; sourceTree = "<group>"; };
		01295B9924EB404C00442897 /* ApplewatchExample WatchKit App.app */ = {isa = PBXFileReference; explicitFileType = wrapper.application; includeInIndex = 0; path = "ApplewatchExample WatchKit App.app"; sourceTree = BUILT_PRODUCTS_DIR; };
		01295B9F24EB404C00442897 /* Base */ = {isa = PBXFileReference; lastKnownFileType = file.storyboard; name = Base; path = Base.lproj/Interface.storyboard; sourceTree = "<group>"; };
		01295BA124EB404D00442897 /* Assets.xcassets */ = {isa = PBXFileReference; lastKnownFileType = folder.assetcatalog; path = Assets.xcassets; sourceTree = "<group>"; };
		01295BA324EB404D00442897 /* Info.plist */ = {isa = PBXFileReference; lastKnownFileType = text.plist.xml; path = Info.plist; sourceTree = "<group>"; };
		01295BA824EB404D00442897 /* ApplewatchExample WatchKit Extension.appex */ = {isa = PBXFileReference; explicitFileType = "wrapper.app-extension"; includeInIndex = 0; path = "ApplewatchExample WatchKit Extension.appex"; sourceTree = BUILT_PRODUCTS_DIR; };
		01295BAD24EB404D00442897 /* InterfaceController.swift */ = {isa = PBXFileReference; lastKnownFileType = sourcecode.swift; path = InterfaceController.swift; sourceTree = "<group>"; };
		01295BAF24EB404D00442897 /* ExtensionDelegate.swift */ = {isa = PBXFileReference; lastKnownFileType = sourcecode.swift; path = ExtensionDelegate.swift; sourceTree = "<group>"; };
		01295BB124EB404D00442897 /* NotificationController.swift */ = {isa = PBXFileReference; lastKnownFileType = sourcecode.swift; path = NotificationController.swift; sourceTree = "<group>"; };
		01295BB324EB404E00442897 /* Assets.xcassets */ = {isa = PBXFileReference; lastKnownFileType = folder.assetcatalog; path = Assets.xcassets; sourceTree = "<group>"; };
		01295BB524EB404E00442897 /* Info.plist */ = {isa = PBXFileReference; lastKnownFileType = text.plist.xml; path = Info.plist; sourceTree = "<group>"; };
		01295BB624EB404E00442897 /* PushNotificationPayload.apns */ = {isa = PBXFileReference; lastKnownFileType = text; path = PushNotificationPayload.apns; sourceTree = "<group>"; };
/* End PBXFileReference section */

/* Begin PBXFrameworksBuildPhase section */
		01295B8224EB404B00442897 /* Frameworks */ = {
			isa = PBXFrameworksBuildPhase;
			buildActionMask = 2147483647;
			files = (
			);
			runOnlyForDeploymentPostprocessing = 0;
		};
		01295BA524EB404D00442897 /* Frameworks */ = {
			isa = PBXFrameworksBuildPhase;
			buildActionMask = 2147483647;
			files = (
			);
			runOnlyForDeploymentPostprocessing = 0;
		};
/* End PBXFrameworksBuildPhase section */

/* Begin PBXGroup section */
		01295B7C24EB404B00442897 = {
			isa = PBXGroup;
			children = (
				01295B8724EB404B00442897 /* ApplewatchExample */,
				01295B9D24EB404C00442897 /* ApplewatchExample WatchKit App */,
				01295BAC24EB404D00442897 /* ApplewatchExample WatchKit Extension */,
				01295B8624EB404B00442897 /* Products */,
			);
			sourceTree = "<group>";
		};
		01295B8624EB404B00442897 /* Products */ = {
			isa = PBXGroup;
			children = (
				01295B8524EB404B00442897 /* ApplewatchExample.app */,
				01295B9924EB404C00442897 /* ApplewatchExample WatchKit App.app */,
				01295BA824EB404D00442897 /* ApplewatchExample WatchKit Extension.appex */,
			);
			name = Products;
			sourceTree = "<group>";
		};
		01295B8724EB404B00442897 /* ApplewatchExample */ = {
			isa = PBXGroup;
			children = (
				01295B8824EB404B00442897 /* AppDelegate.swift */,
				01295B8A24EB404B00442897 /* SceneDelegate.swift */,
				01295B8C24EB404B00442897 /* ViewController.swift */,
				01295B8E24EB404B00442897 /* Main.storyboard */,
				01295B9124EB404C00442897 /* Assets.xcassets */,
				01295B9324EB404C00442897 /* LaunchScreen.storyboard */,
				01295B9624EB404C00442897 /* Info.plist */,
			);
			path = ApplewatchExample;
			sourceTree = "<group>";
		};
		01295B9D24EB404C00442897 /* ApplewatchExample WatchKit App */ = {
			isa = PBXGroup;
			children = (
				01295B9E24EB404C00442897 /* Interface.storyboard */,
				01295BA124EB404D00442897 /* Assets.xcassets */,
				01295BA324EB404D00442897 /* Info.plist */,
			);
			path = "ApplewatchExample WatchKit App";
			sourceTree = "<group>";
		};
		01295BAC24EB404D00442897 /* ApplewatchExample WatchKit Extension */ = {
			isa = PBXGroup;
			children = (
				01295BAD24EB404D00442897 /* InterfaceController.swift */,
				01295BAF24EB404D00442897 /* ExtensionDelegate.swift */,
				01295BB124EB404D00442897 /* NotificationController.swift */,
				01295BB324EB404E00442897 /* Assets.xcassets */,
				01295BB524EB404E00442897 /* Info.plist */,
				01295BB624EB404E00442897 /* PushNotificationPayload.apns */,
			);
			path = "ApplewatchExample WatchKit Extension";
			sourceTree = "<group>";
		};
/* End PBXGroup section */

/* Begin PBXNativeTarget section */
		01295B8424EB404B00442897 /* ApplewatchExample */ = {
			isa = PBXNativeTarget;
			buildConfigurationList = 01295BC124EB404E00442897 /* Build configuration list for PBXNativeTarget "ApplewatchExample" */;
			buildPhases = (
				01295B8124EB404B00442897 /* Sources */,
				01295B8224EB404B00442897 /* Frameworks */,
				01295B8324EB404B00442897 /* Resources */,
				01295BC024EB404E00442897 /* Embed Watch Content */,
			);
			buildRules = (
			);
			dependencies = (
				01295B9C24EB404C00442897 /* PBXTargetDependency */,
			);
			name = ApplewatchExample;
			productName = ApplewatchExample;
			productReference = 01295B8524EB404B00442897 /* ApplewatchExample.app */;
			productType = "com.apple.product-type.application";
		};
		01295B9824EB404C00442897 /* ApplewatchExample WatchKit App */ = {
			isa = PBXNativeTarget;
			buildConfigurationList = 01295BBD24EB404E00442897 /* Build configuration list for PBXNativeTarget "ApplewatchExample WatchKit App" */;
			buildPhases = (
				01295B9724EB404C00442897 /* Resources */,
				01295BBC24EB404E00442897 /* Embed App Extensions */,
			);
			buildRules = (
			);
			dependencies = (
				01295BAB24EB404D00442897 /* PBXTargetDependency */,
			);
			name = "ApplewatchExample WatchKit App";
			productName = "ApplewatchExample WatchKit App";
			productReference = 01295B9924EB404C00442897 /* ApplewatchExample WatchKit App.app */;
			productType = "com.apple.product-type.application.watchapp2";
		};
		01295BA724EB404D00442897 /* ApplewatchExample WatchKit Extension */ = {
			isa = PBXNativeTarget;
			buildConfigurationList = 01295BB924EB404E00442897 /* Build configuration list for PBXNativeTarget "ApplewatchExample WatchKit Extension" */;
			buildPhases = (
				01295BA424EB404D00442897 /* Sources */,
				01295BA524EB404D00442897 /* Frameworks */,
				01295BA624EB404D00442897 /* Resources */,
			);
			buildRules = (
			);
			dependencies = (
			);
			name = "ApplewatchExample WatchKit Extension";
			productName = "ApplewatchExample WatchKit Extension";
			productReference = 01295BA824EB404D00442897 /* ApplewatchExample WatchKit Extension.appex */;
			productType = "com.apple.product-type.watchkit2-extension";
		};
/* End PBXNativeTarget section */

/* Begin PBXProject section */
		01295B7D24EB404B00442897 /* Project object */ = {
			isa = PBXProject;
			attributes = {
				LastSwiftUpdateCheck = 1120;
				LastUpgradeCheck = 1120;
				ORGANIZATIONNAME = "Sidharth Nayyar";
				TargetAttributes = {
					01295B8424EB404B00442897 = {
						CreatedOnToolsVersion = 11.2;
					};
					01295B9824EB404C00442897 = {
						CreatedOnToolsVersion = 11.2;
					};
					01295BA724EB404D00442897 = {
						CreatedOnToolsVersion = 11.2;
					};
				};
			};
			buildConfigurationList = 01295B8024EB404B00442897 /* Build configuration list for PBXProject "ApplewatchExample" */;
			compatibilityVersion = "Xcode 9.3";
			developmentRegion = en;
			hasScannedForEncodings = 0;
			knownRegions = (
				en,
				Base,
			);
			mainGroup = 01295B7C24EB404B00442897;
			productRefGroup = 01295B8624EB404B00442897 /* Products */;
			projectDirPath = "";
			projectRoot = "";
			targets = (
				01295B8424EB404B00442897 /* ApplewatchExample */,
				01295B9824EB404C00442897 /* ApplewatchExample WatchKit App */,
				01295BA724EB404D00442897 /* ApplewatchExample WatchKit Extension */,
			);
		};
/* End PBXProject section */

/* Begin PBXResourcesBuildPhase section */
		01295B8324EB404B00442897 /* Resources */ = {
			isa = PBXResourcesBuildPhase;
			buildActionMask = 2147483647;
			files = (
				01295B9524EB404C00442897 /* LaunchScreen.storyboard in Resources */,
				01295B9224EB404C00442897 /* Assets.xcassets in Resources */,
				01295B9024EB404B00442897 /* Main.storyboard in Resources */,
			);
			runOnlyForDeploymentPostprocessing = 0;
		};
		01295B9724EB404C00442897 /* Resources */ = {
			isa = PBXResourcesBuildPhase;
			buildActionMask = 2147483647;
			files = (
				01295BA224EB404D00442897 /* Assets.xcassets in Resources */,
				01295BA024EB404C00442897 /* Interface.storyboard in Resources */,
			);
			runOnlyForDeploymentPostprocessing = 0;
		};
		01295BA624EB404D00442897 /* Resources */ = {
			isa = PBXResourcesBuildPhase;
			buildActionMask = 2147483647;
			files = (
				01295BB424EB404E00442897 /* Assets.xcassets in Resources */,
			);
			runOnlyForDeploymentPostprocessing = 0;
		};
/* End PBXResourcesBuildPhase section */

/* Begin PBXSourcesBuildPhase section */
		01295B8124EB404B00442897 /* Sources */ = {
			isa = PBXSourcesBuildPhase;
			buildActionMask = 2147483647;
			files = (
				01295B8D24EB404B00442897 /* ViewController.swift in Sources */,
				01295B8924EB404B00442897 /* AppDelegate.swift in Sources */,
				01295B8B24EB404B00442897 /* SceneDelegate.swift in Sources */,
			);
			runOnlyForDeploymentPostprocessing = 0;
		};
		01295BA424EB404D00442897 /* Sources */ = {
			isa = PBXSourcesBuildPhase;
			buildActionMask = 2147483647;
			files = (
				01295BB224EB404D00442897 /* NotificationController.swift in Sources */,
				01295BB024EB404D00442897 /* ExtensionDelegate.swift in Sources */,
				01295BAE24EB404D00442897 /* InterfaceController.swift in Sources */,
			);
			runOnlyForDeploymentPostprocessing = 0;
		};
/* End PBXSourcesBuildPhase section */

/* Begin PBXTargetDependency section */
		01295B9C24EB404C00442897 /* PBXTargetDependency */ = {
			isa = PBXTargetDependency;
			target = 01295B9824EB404C00442897 /* ApplewatchExample WatchKit App */;
			targetProxy = 01295B9B24EB404C00442897 /* PBXContainerItemProxy */;
		};
		01295BAB24EB404D00442897 /* PBXTargetDependency */ = {
			isa = PBXTargetDependency;
			target = 01295BA724EB404D00442897 /* ApplewatchExample WatchKit Extension */;
			targetProxy = 01295BAA24EB404D00442897 /* PBXContainerItemProxy */;
		};
/* End PBXTargetDependency section */

/* Begin PBXVariantGroup section */
		01295B8E24EB404B00442897 /* Main.storyboard */ = {
			isa = PBXVariantGroup;
			children = (
				01295B8F24EB404B00442897 /* Base */,
			);
			name = Main.storyboard;
			sourceTree = "<group>";
		};
		01295B9324EB404C00442897 /* LaunchScreen.storyboard */ = {
			isa = PBXVariantGroup;
			children = (
				01295B9424EB404C00442897 /* Base */,
			);
			name = LaunchScreen.storyboard;
			sourceTree = "<group>";
		};
		01295B9E24EB404C00442897 /* Interface.storyboard */ = {
			isa = PBXVariantGroup;
			children = (
				01295B9F24EB404C00442897 /* Base */,
			);
			name = Interface.storyboard;
			sourceTree = "<group>";
		};
/* End PBXVariantGroup section */

/* Begin XCBuildConfiguration section */
		01295BB724EB404E00442897 /* Debug */ = {
			isa = XCBuildConfiguration;
			buildSettings = {
				ALWAYS_SEARCH_USER_PATHS = NO;
				CLANG_ANALYZER_NONNULL = YES;
				CLANG_ANALYZER_NUMBER_OBJECT_CONVERSION = YES_AGGRESSIVE;
				CLANG_CXX_LANGUAGE_STANDARD = "gnu++14";
				CLANG_CXX_LIBRARY = "libc++";
				CLANG_ENABLE_MODULES = YES;
				CLANG_ENABLE_OBJC_ARC = YES;
				CLANG_ENABLE_OBJC_WEAK = YES;
				CLANG_WARN_BLOCK_CAPTURE_AUTORELEASING = YES;
				CLANG_WARN_BOOL_CONVERSION = YES;
				CLANG_WARN_COMMA = YES;
				CLANG_WARN_CONSTANT_CONVERSION = YES;
				CLANG_WARN_DEPRECATED_OBJC_IMPLEMENTATIONS = YES;
				CLANG_WARN_DIRECT_OBJC_ISA_USAGE = YES_ERROR;
				CLANG_WARN_DOCUMENTATION_COMMENTS = YES;
				CLANG_WARN_EMPTY_BODY = YES;
				CLANG_WARN_ENUM_CONVERSION = YES;
				CLANG_WARN_INFINITE_RECURSION = YES;
				CLANG_WARN_INT_CONVERSION = YES;
				CLANG_WARN_NON_LITERAL_NULL_CONVERSION = YES;
				CLANG_WARN_OBJC_IMPLICIT_RETAIN_SELF = YES;
				CLANG_WARN_OBJC_LITERAL_CONVERSION = YES;
				CLANG_WARN_OBJC_ROOT_CLASS = YES_ERROR;
				CLANG_WARN_RANGE_LOOP_ANALYSIS = YES;
				CLANG_WARN_STRICT_PROTOTYPES = YES;
				CLANG_WARN_SUSPICIOUS_MOVE = YES;
				CLANG_WARN_UNGUARDED_AVAILABILITY = YES_AGGRESSIVE;
				CLANG_WARN_UNREACHABLE_CODE = YES;
				CLANG_WARN__DUPLICATE_METHOD_MATCH = YES;
				COPY_PHASE_STRIP = NO;
				DEBUG_INFORMATION_FORMAT = dwarf;
				ENABLE_STRICT_OBJC_MSGSEND = YES;
				ENABLE_TESTABILITY = YES;
				GCC_C_LANGUAGE_STANDARD = gnu11;
				GCC_DYNAMIC_NO_PIC = NO;
				GCC_NO_COMMON_BLOCKS = YES;
				GCC_OPTIMIZATION_LEVEL = 0;
				GCC_PREPROCESSOR_DEFINITIONS = (
					"DEBUG=1",
					"$(inherited)",
				);
				GCC_WARN_64_TO_32_BIT_CONVERSION = YES;
				GCC_WARN_ABOUT_RETURN_TYPE = YES_ERROR;
				GCC_WARN_UNDECLARED_SELECTOR = YES;
				GCC_WARN_UNINITIALIZED_AUTOS = YES_AGGRESSIVE;
				GCC_WARN_UNUSED_FUNCTION = YES;
				GCC_WARN_UNUSED_VARIABLE = YES;
				IPHONEOS_DEPLOYMENT_TARGET = 13.2;
				MTL_ENABLE_DEBUG_INFO = INCLUDE_SOURCE;
				MTL_FAST_MATH = YES;
				ONLY_ACTIVE_ARCH = YES;
				SDKROOT = iphoneos;
				SWIFT_ACTIVE_COMPILATION_CONDITIONS = DEBUG;
				SWIFT_OPTIMIZATION_LEVEL = "-Onone";
			};
			name = Debug;
		};
		01295BB824EB404E00442897 /* Release */ = {
			isa = XCBuildConfiguration;
			buildSettings = {
				ALWAYS_SEARCH_USER_PATHS = NO;
				CLANG_ANALYZER_NONNULL = YES;
				CLANG_ANALYZER_NUMBER_OBJECT_CONVERSION = YES_AGGRESSIVE;
				CLANG_CXX_LANGUAGE_STANDARD = "gnu++14";
				CLANG_CXX_LIBRARY = "libc++";
				CLANG_ENABLE_MODULES = YES;
				CLANG_ENABLE_OBJC_ARC = YES;
				CLANG_ENABLE_OBJC_WEAK = YES;
				CLANG_WARN_BLOCK_CAPTURE_AUTORELEASING = YES;
				CLANG_WARN_BOOL_CONVERSION = YES;
				CLANG_WARN_COMMA = YES;
				CLANG_WARN_CONSTANT_CONVERSION = YES;
				CLANG_WARN_DEPRECATED_OBJC_IMPLEMENTATIONS = YES;
				CLANG_WARN_DIRECT_OBJC_ISA_USAGE = YES_ERROR;
				CLANG_WARN_DOCUMENTATION_COMMENTS = YES;
				CLANG_WARN_EMPTY_BODY = YES;
				CLANG_WARN_ENUM_CONVERSION = YES;
				CLANG_WARN_INFINITE_RECURSION = YES;
				CLANG_WARN_INT_CONVERSION = YES;
				CLANG_WARN_NON_LITERAL_NULL_CONVERSION = YES;
				CLANG_WARN_OBJC_IMPLICIT_RETAIN_SELF = YES;
				CLANG_WARN_OBJC_LITERAL_CONVERSION = YES;
				CLANG_WARN_OBJC_ROOT_CLASS = YES_ERROR;
				CLANG_WARN_RANGE_LOOP_ANALYSIS = YES;
				CLANG_WARN_STRICT_PROTOTYPES = YES;
				CLANG_WARN_SUSPICIOUS_MOVE = YES;
				CLANG_WARN_UNGUARDED_AVAILABILITY = YES_AGGRESSIVE;
				CLANG_WARN_UNREACHABLE_CODE = YES;
				CLANG_WARN__DUPLICATE_METHOD_MATCH = YES;
				COPY_PHASE_STRIP = NO;
				DEBUG_INFORMATION_FORMAT = "dwarf-with-dsym";
				ENABLE_NS_ASSERTIONS = NO;
				ENABLE_STRICT_OBJC_MSGSEND = YES;
				GCC_C_LANGUAGE_STANDARD = gnu11;
				GCC_NO_COMMON_BLOCKS = YES;
				GCC_WARN_64_TO_32_BIT_CONVERSION = YES;
				GCC_WARN_ABOUT_RETURN_TYPE = YES_ERROR;
				GCC_WARN_UNDECLARED_SELECTOR = YES;
				GCC_WARN_UNINITIALIZED_AUTOS = YES_AGGRESSIVE;
				GCC_WARN_UNUSED_FUNCTION = YES;
				GCC_WARN_UNUSED_VARIABLE = YES;
				IPHONEOS_DEPLOYMENT_TARGET = 13.2;
				MTL_ENABLE_DEBUG_INFO = NO;
				MTL_FAST_MATH = YES;
				SDKROOT = iphoneos;
				SWIFT_COMPILATION_MODE = wholemodule;
				SWIFT_OPTIMIZATION_LEVEL = "-O";
				VALIDATE_PRODUCT = YES;
			};
			name = Release;
		};
		01295BBA24EB404E00442897 /* Debug */ = {
			isa = XCBuildConfiguration;
			buildSettings = {
				ASSETCATALOG_COMPILER_COMPLICATION_NAME = Complication;
				CODE_SIGN_STYLE = Automatic;
				DEVELOPMENT_TEAM = Q64XSG4U5Q;
				INFOPLIST_FILE = "ApplewatchExample WatchKit Extension/Info.plist";
				LD_RUNPATH_SEARCH_PATHS = (
					"$(inherited)",
					"@executable_path/Frameworks",
					"@executable_path/../../Frameworks",
				);
				PRODUCT_BUNDLE_IDENTIFIER = com.lambton.ApplewatchExample.watchkitapp.watchkitextension;
				PRODUCT_NAME = "${TARGET_NAME}";
				SDKROOT = watchos;
				SKIP_INSTALL = YES;
				SWIFT_VERSION = 5.0;
				TARGETED_DEVICE_FAMILY = 4;
				WATCHOS_DEPLOYMENT_TARGET = 6.1;
			};
			name = Debug;
		};
		01295BBB24EB404E00442897 /* Release */ = {
			isa = XCBuildConfiguration;
			buildSettings = {
				ASSETCATALOG_COMPILER_COMPLICATION_NAME = Complication;
				CODE_SIGN_STYLE = Automatic;
				DEVELOPMENT_TEAM = Q64XSG4U5Q;
				INFOPLIST_FILE = "ApplewatchExample WatchKit Extension/Info.plist";
				LD_RUNPATH_SEARCH_PATHS = (
					"$(inherited)",
					"@executable_path/Frameworks",
					"@executable_path/../../Frameworks",
				);
				PRODUCT_BUNDLE_IDENTIFIER = com.lambton.ApplewatchExample.watchkitapp.watchkitextension;
				PRODUCT_NAME = "${TARGET_NAME}";
				SDKROOT = watchos;
				SKIP_INSTALL = YES;
				SWIFT_VERSION = 5.0;
				TARGETED_DEVICE_FAMILY = 4;
				WATCHOS_DEPLOYMENT_TARGET = 6.1;
			};
			name = Release;
		};
		01295BBE24EB404E00442897 /* Debug */ = {
			isa = XCBuildConfiguration;
			buildSettings = {
				ALWAYS_EMBED_SWIFT_STANDARD_LIBRARIES = YES;
				ASSETCATALOG_COMPILER_APPICON_NAME = AppIcon;
				CODE_SIGN_STYLE = Automatic;
				DEVELOPMENT_TEAM = Q64XSG4U5Q;
				IBSC_MODULE = ApplewatchExample_WatchKit_Extension;
				INFOPLIST_FILE = "ApplewatchExample WatchKit App/Info.plist";
				PRODUCT_BUNDLE_IDENTIFIER = com.lambton.ApplewatchExample.watchkitapp;
				PRODUCT_NAME = "$(TARGET_NAME)";
				SDKROOT = watchos;
				SKIP_INSTALL = YES;
				SWIFT_VERSION = 5.0;
				TARGETED_DEVICE_FAMILY = 4;
				WATCHOS_DEPLOYMENT_TARGET = 6.1;
			};
			name = Debug;
		};
		01295BBF24EB404E00442897 /* Release */ = {
			isa = XCBuildConfiguration;
			buildSettings = {
				ALWAYS_EMBED_SWIFT_STANDARD_LIBRARIES = YES;
				ASSETCATALOG_COMPILER_APPICON_NAME = AppIcon;
				CODE_SIGN_STYLE = Automatic;
				DEVELOPMENT_TEAM = Q64XSG4U5Q;
				IBSC_MODULE = ApplewatchExample_WatchKit_Extension;
				INFOPLIST_FILE = "ApplewatchExample WatchKit App/Info.plist";
				PRODUCT_BUNDLE_IDENTIFIER = com.lambton.ApplewatchExample.watchkitapp;
				PRODUCT_NAME = "$(TARGET_NAME)";
				SDKROOT = watchos;
				SKIP_INSTALL = YES;
				SWIFT_VERSION = 5.0;
				TARGETED_DEVICE_FAMILY = 4;
				WATCHOS_DEPLOYMENT_TARGET = 6.1;
			};
			name = Release;
		};
		01295BC224EB404E00442897 /* Debug */ = {
			isa = XCBuildConfiguration;
			buildSettings = {
				ASSETCATALOG_COMPILER_APPICON_NAME = AppIcon;
				CODE_SIGN_STYLE = Automatic;
				DEVELOPMENT_TEAM = Q64XSG4U5Q;
				INFOPLIST_FILE = ApplewatchExample/Info.plist;
				LD_RUNPATH_SEARCH_PATHS = (
					"$(inherited)",
					"@executable_path/Frameworks",
				);
				PRODUCT_BUNDLE_IDENTIFIER = com.lambton.ApplewatchExample;
				PRODUCT_NAME = "$(TARGET_NAME)";
				SWIFT_VERSION = 5.0;
				TARGETED_DEVICE_FAMILY = "1,2";
			};
			name = Debug;
		};
		01295BC324EB404E00442897 /* Release */ = {
			isa = XCBuildConfiguration;
			buildSettings = {
				ASSETCATALOG_COMPILER_APPICON_NAME = AppIcon;
				CODE_SIGN_STYLE = Automatic;
				DEVELOPMENT_TEAM = Q64XSG4U5Q;
				INFOPLIST_FILE = ApplewatchExample/Info.plist;
				LD_RUNPATH_SEARCH_PATHS = (
					"$(inherited)",
					"@executable_path/Frameworks",
				);
				PRODUCT_BUNDLE_IDENTIFIER = com.lambton.ApplewatchExample;
				PRODUCT_NAME = "$(TARGET_NAME)";
				SWIFT_VERSION = 5.0;
				TARGETED_DEVICE_FAMILY = "1,2";
			};
			name = Release;
		};
/* End XCBuildConfiguration section */

/* Begin XCConfigurationList section */
		01295B8024EB404B00442897 /* Build configuration list for PBXProject "ApplewatchExample" */ = {
			isa = XCConfigurationList;
			buildConfigurations = (
				01295BB724EB404E00442897 /* Debug */,
				01295BB824EB404E00442897 /* Release */,
			);
			defaultConfigurationIsVisible = 0;
			defaultConfigurationName = Release;
		};
		01295BB924EB404E00442897 /* Build configuration list for PBXNativeTarget "ApplewatchExample WatchKit Extension" */ = {
			isa = XCConfigurationList;
			buildConfigurations = (
				01295BBA24EB404E00442897 /* Debug */,
				01295BBB24EB404E00442897 /* Release */,
			);
			defaultConfigurationIsVisible = 0;
			defaultConfigurationName = Release;
		};
		01295BBD24EB404E00442897 /* Build configuration list for PBXNativeTarget "ApplewatchExample WatchKit App" */ = {
			isa = XCConfigurationList;
			buildConfigurations = (
				01295BBE24EB404E00442897 /* Debug */,
				01295BBF24EB404E00442897 /* Release */,
			);
			defaultConfigurationIsVisible = 0;
			defaultConfigurationName = Release;
		};
		01295BC124EB404E00442897 /* Build configuration list for PBXNativeTarget "ApplewatchExample" */ = {
			isa = XCConfigurationList;
			buildConfigurations = (
				01295BC224EB404E00442897 /* Debug */,
				01295BC324EB404E00442897 /* Release */,
			);
			defaultConfigurationIsVisible = 0;
			defaultConfigurationName = Release;
		};
/* End XCConfigurationList section */
	};
	rootObject = 01295B7D24EB404B00442897 /* Project object */;
}
